// !$*UTF8*$!
{
	archiveVersion = 1;
	classes = {
	};
	objectVersion = 48;
	objects = {

/* Begin PBXBuildFile section */
		0A488D57FE6B08CB1F67797F /* Pods_EuskoEvents.framework in Frameworks */ = {isa = PBXBuildFile; fileRef = 44CDA3D659F89F35C3DF6500 /* Pods_EuskoEvents.framework */; };
		7112C2AB1FDCB8EA00063716 /* AppDelegate.swift in Sources */ = {isa = PBXBuildFile; fileRef = 7112C2AA1FDCB8EA00063716 /* AppDelegate.swift */; };
		7112C2AD1FDCB8EA00063716 /* ViewController.swift in Sources */ = {isa = PBXBuildFile; fileRef = 7112C2AC1FDCB8EA00063716 /* ViewController.swift */; };
		7112C2B01FDCB8EA00063716 /* Main.storyboard in Resources */ = {isa = PBXBuildFile; fileRef = 7112C2AE1FDCB8EA00063716 /* Main.storyboard */; };
		7112C2B21FDCB8EA00063716 /* Assets.xcassets in Resources */ = {isa = PBXBuildFile; fileRef = 7112C2B11FDCB8EA00063716 /* Assets.xcassets */; };
		7112C2B51FDCB8EA00063716 /* LaunchScreen.storyboard in Resources */ = {isa = PBXBuildFile; fileRef = 7112C2B31FDCB8EA00063716 /* LaunchScreen.storyboard */; };
		7112C2D91FDCBD0500063716 /* TableViewController.swift in Sources */ = {isa = PBXBuildFile; fileRef = 7112C2D81FDCBD0500063716 /* TableViewController.swift */; };
		7197E37F1FE6C35000856CFC /* ItemViewController.swift in Sources */ = {isa = PBXBuildFile; fileRef = 7197E37E1FE6C35000856CFC /* ItemViewController.swift */; };
		71F36F931FDDB61B0051320B /* MapViewController.swift in Sources */ = {isa = PBXBuildFile; fileRef = 71F36F921FDDB61B0051320B /* MapViewController.swift */; };
/* End PBXBuildFile section */

/* Begin PBXContainerItemProxy section */
		7112C2BC1FDCB8EA00063716 /* PBXContainerItemProxy */ = {
			isa = PBXContainerItemProxy;
			containerPortal = 7112C29F1FDCB8EA00063716 /* Project object */;
			proxyType = 1;
			remoteGlobalIDString = 7112C2A61FDCB8EA00063716;
			remoteInfo = EuskoEvents;
		};
		7112C2C71FDCB8EA00063716 /* PBXContainerItemProxy */ = {
			isa = PBXContainerItemProxy;
			containerPortal = 7112C29F1FDCB8EA00063716 /* Project object */;
			proxyType = 1;
			remoteGlobalIDString = 7112C2A61FDCB8EA00063716;
			remoteInfo = EuskoEvents;
		};
/* End PBXContainerItemProxy section */

/* Begin PBXFileReference section */
		38F43EF42025812EDDCF9091 /* Pods-EuskoEvents.debug.xcconfig */ = {isa = PBXFileReference; includeInIndex = 1; lastKnownFileType = text.xcconfig; name = "Pods-EuskoEvents.debug.xcconfig"; path = "Pods/Target Support Files/Pods-EuskoEvents/Pods-EuskoEvents.debug.xcconfig"; sourceTree = "<group>"; };
		41BB130E621D6A29721AB29A /* Pods-EuskoEvents.release.xcconfig */ = {isa = PBXFileReference; includeInIndex = 1; lastKnownFileType = text.xcconfig; name = "Pods-EuskoEvents.release.xcconfig"; path = "Pods/Target Support Files/Pods-EuskoEvents/Pods-EuskoEvents.release.xcconfig"; sourceTree = "<group>"; };
		44CDA3D659F89F35C3DF6500 /* Pods_EuskoEvents.framework */ = {isa = PBXFileReference; explicitFileType = wrapper.framework; includeInIndex = 0; path = Pods_EuskoEvents.framework; sourceTree = BUILT_PRODUCTS_DIR; };
		7112C2A71FDCB8EA00063716 /* EuskoEvents.app */ = {isa = PBXFileReference; explicitFileType = wrapper.application; includeInIndex = 0; path = EuskoEvents.app; sourceTree = BUILT_PRODUCTS_DIR; };
		7112C2AA1FDCB8EA00063716 /* AppDelegate.swift */ = {isa = PBXFileReference; lastKnownFileType = sourcecode.swift; path = AppDelegate.swift; sourceTree = "<group>"; };
		7112C2AC1FDCB8EA00063716 /* ViewController.swift */ = {isa = PBXFileReference; lastKnownFileType = sourcecode.swift; path = ViewController.swift; sourceTree = "<group>"; };
		7112C2AF1FDCB8EA00063716 /* Base */ = {isa = PBXFileReference; lastKnownFileType = file.storyboard; name = Base; path = Base.lproj/Main.storyboard; sourceTree = "<group>"; };
		7112C2B11FDCB8EA00063716 /* Assets.xcassets */ = {isa = PBXFileReference; lastKnownFileType = folder.assetcatalog; path = Assets.xcassets; sourceTree = "<group>"; };
		7112C2B41FDCB8EA00063716 /* Base */ = {isa = PBXFileReference; lastKnownFileType = file.storyboard; name = Base; path = Base.lproj/LaunchScreen.storyboard; sourceTree = "<group>"; };
		7112C2B61FDCB8EA00063716 /* Info.plist */ = {isa = PBXFileReference; lastKnownFileType = text.plist.xml; path = Info.plist; sourceTree = "<group>"; };
		7112C2BB1FDCB8EA00063716 /* EuskoEventsTests.xctest */ = {isa = PBXFileReference; explicitFileType = wrapper.cfbundle; includeInIndex = 0; path = EuskoEventsTests.xctest; sourceTree = BUILT_PRODUCTS_DIR; };
		7112C2C61FDCB8EA00063716 /* EuskoEventsUITests.xctest */ = {isa = PBXFileReference; explicitFileType = wrapper.cfbundle; includeInIndex = 0; path = EuskoEventsUITests.xctest; sourceTree = BUILT_PRODUCTS_DIR; };
		7112C2D81FDCBD0500063716 /* TableViewController.swift */ = {isa = PBXFileReference; lastKnownFileType = sourcecode.swift; path = TableViewController.swift; sourceTree = "<group>"; };
		7197E37E1FE6C35000856CFC /* ItemViewController.swift */ = {isa = PBXFileReference; lastKnownFileType = sourcecode.swift; path = ItemViewController.swift; sourceTree = "<group>"; };
		71F36F921FDDB61B0051320B /* MapViewController.swift */ = {isa = PBXFileReference; lastKnownFileType = sourcecode.swift; path = MapViewController.swift; sourceTree = "<group>"; };
/* End PBXFileReference section */

/* Begin PBXFrameworksBuildPhase section */
		7112C2A41FDCB8EA00063716 /* Frameworks */ = {
			isa = PBXFrameworksBuildPhase;
			buildActionMask = 2147483647;
			files = (
				0A488D57FE6B08CB1F67797F /* Pods_EuskoEvents.framework in Frameworks */,
			);
			runOnlyForDeploymentPostprocessing = 0;
		};
		7112C2B81FDCB8EA00063716 /* Frameworks */ = {
			isa = PBXFrameworksBuildPhase;
			buildActionMask = 2147483647;
			files = (
			);
			runOnlyForDeploymentPostprocessing = 0;
		};
		7112C2C31FDCB8EA00063716 /* Frameworks */ = {
			isa = PBXFrameworksBuildPhase;
			buildActionMask = 2147483647;
			files = (
			);
			runOnlyForDeploymentPostprocessing = 0;
		};
/* End PBXFrameworksBuildPhase section */

/* Begin PBXGroup section */
		7112C29E1FDCB8EA00063716 = {
			isa = PBXGroup;
			children = (
				7112C2A91FDCB8EA00063716 /* EuskoEvents */,
				7112C2A81FDCB8EA00063716 /* Products */,
				ACE9D3F8C93E6EA0FE4BAC5E /* Pods */,
				ED10B52632AE8F9BC2141E58 /* Frameworks */,
			);
			sourceTree = "<group>";
		};
		7112C2A81FDCB8EA00063716 /* Products */ = {
			isa = PBXGroup;
			children = (
				7112C2A71FDCB8EA00063716 /* EuskoEvents.app */,
				7112C2BB1FDCB8EA00063716 /* EuskoEventsTests.xctest */,
				7112C2C61FDCB8EA00063716 /* EuskoEventsUITests.xctest */,
			);
			name = Products;
			sourceTree = "<group>";
		};
		7112C2A91FDCB8EA00063716 /* EuskoEvents */ = {
			isa = PBXGroup;
			children = (
				7112C2AA1FDCB8EA00063716 /* AppDelegate.swift */,
				7112C2AC1FDCB8EA00063716 /* ViewController.swift */,
				7112C2AE1FDCB8EA00063716 /* Main.storyboard */,
				7112C2B11FDCB8EA00063716 /* Assets.xcassets */,
				7112C2B31FDCB8EA00063716 /* LaunchScreen.storyboard */,
				7112C2B61FDCB8EA00063716 /* Info.plist */,
				7112C2D81FDCBD0500063716 /* TableViewController.swift */,
				71F36F921FDDB61B0051320B /* MapViewController.swift */,
				7197E37E1FE6C35000856CFC /* ItemViewController.swift */,
			);
			path = EuskoEvents;
			sourceTree = "<group>";
		};
		ACE9D3F8C93E6EA0FE4BAC5E /* Pods */ = {
			isa = PBXGroup;
			children = (
				38F43EF42025812EDDCF9091 /* Pods-EuskoEvents.debug.xcconfig */,
				41BB130E621D6A29721AB29A /* Pods-EuskoEvents.release.xcconfig */,
			);
			name = Pods;
			sourceTree = "<group>";
		};
		ED10B52632AE8F9BC2141E58 /* Frameworks */ = {
			isa = PBXGroup;
			children = (
				44CDA3D659F89F35C3DF6500 /* Pods_EuskoEvents.framework */,
			);
			name = Frameworks;
			sourceTree = "<group>";
		};
/* End PBXGroup section */

/* Begin PBXNativeTarget section */
		7112C2A61FDCB8EA00063716 /* EuskoEvents */ = {
			isa = PBXNativeTarget;
			buildConfigurationList = 7112C2CF1FDCB8EA00063716 /* Build configuration list for PBXNativeTarget "EuskoEvents" */;
			buildPhases = (
				70BD63D4E97F2169107999F7 /* [CP] Check Pods Manifest.lock */,
				7112C2A31FDCB8EA00063716 /* Sources */,
				7112C2A41FDCB8EA00063716 /* Frameworks */,
				7112C2A51FDCB8EA00063716 /* Resources */,
				CC3FB55596391A98953F78EC /* [CP] Embed Pods Frameworks */,
				F9C586FC301BC14D86BC3A4C /* [CP] Copy Pods Resources */,
			);
			buildRules = (
			);
			dependencies = (
			);
			name = EuskoEvents;
			productName = EuskoEvents;
			productReference = 7112C2A71FDCB8EA00063716 /* EuskoEvents.app */;
			productType = "com.apple.product-type.application";
		};
		7112C2BA1FDCB8EA00063716 /* EuskoEventsTests */ = {
			isa = PBXNativeTarget;
			buildConfigurationList = 7112C2D21FDCB8EA00063716 /* Build configuration list for PBXNativeTarget "EuskoEventsTests" */;
			buildPhases = (
				7112C2B71FDCB8EA00063716 /* Sources */,
				7112C2B81FDCB8EA00063716 /* Frameworks */,
				7112C2B91FDCB8EA00063716 /* Resources */,
			);
			buildRules = (
			);
			dependencies = (
				7112C2BD1FDCB8EA00063716 /* PBXTargetDependency */,
			);
			name = EuskoEventsTests;
			productName = EuskoEventsTests;
			productReference = 7112C2BB1FDCB8EA00063716 /* EuskoEventsTests.xctest */;
			productType = "com.apple.product-type.bundle.unit-test";
		};
		7112C2C51FDCB8EA00063716 /* EuskoEventsUITests */ = {
			isa = PBXNativeTarget;
			buildConfigurationList = 7112C2D51FDCB8EA00063716 /* Build configuration list for PBXNativeTarget "EuskoEventsUITests" */;
			buildPhases = (
				7112C2C21FDCB8EA00063716 /* Sources */,
				7112C2C31FDCB8EA00063716 /* Frameworks */,
				7112C2C41FDCB8EA00063716 /* Resources */,
			);
			buildRules = (
			);
			dependencies = (
				7112C2C81FDCB8EA00063716 /* PBXTargetDependency */,
			);
			name = EuskoEventsUITests;
			productName = EuskoEventsUITests;
			productReference = 7112C2C61FDCB8EA00063716 /* EuskoEventsUITests.xctest */;
			productType = "com.apple.product-type.bundle.ui-testing";
		};
/* End PBXNativeTarget section */

/* Begin PBXProject section */
		7112C29F1FDCB8EA00063716 /* Project object */ = {
			isa = PBXProject;
			attributes = {
				LastSwiftUpdateCheck = 0910;
				LastUpgradeCheck = 0910;
				ORGANIZATIONNAME = Asier;
				TargetAttributes = {
					7112C2A61FDCB8EA00063716 = {
						CreatedOnToolsVersion = 9.1;
						ProvisioningStyle = Automatic;
					};
					7112C2BA1FDCB8EA00063716 = {
						CreatedOnToolsVersion = 9.1;
						ProvisioningStyle = Automatic;
						TestTargetID = 7112C2A61FDCB8EA00063716;
					};
					7112C2C51FDCB8EA00063716 = {
						CreatedOnToolsVersion = 9.1;
						ProvisioningStyle = Automatic;
						TestTargetID = 7112C2A61FDCB8EA00063716;
					};
				};
			};
			buildConfigurationList = 7112C2A21FDCB8EA00063716 /* Build configuration list for PBXProject "EuskoEvents" */;
			compatibilityVersion = "Xcode 8.0";
			developmentRegion = en;
			hasScannedForEncodings = 0;
			knownRegions = (
				en,
				Base,
			);
			mainGroup = 7112C29E1FDCB8EA00063716;
			productRefGroup = 7112C2A81FDCB8EA00063716 /* Products */;
			projectDirPath = "";
			projectRoot = "";
			targets = (
				7112C2A61FDCB8EA00063716 /* EuskoEvents */,
				7112C2BA1FDCB8EA00063716 /* EuskoEventsTests */,
				7112C2C51FDCB8EA00063716 /* EuskoEventsUITests */,
			);
		};
/* End PBXProject section */

/* Begin PBXResourcesBuildPhase section */
		7112C2A51FDCB8EA00063716 /* Resources */ = {
			isa = PBXResourcesBuildPhase;
			buildActionMask = 2147483647;
			files = (
				7112C2B51FDCB8EA00063716 /* LaunchScreen.storyboard in Resources */,
				7112C2B21FDCB8EA00063716 /* Assets.xcassets in Resources */,
				7112C2B01FDCB8EA00063716 /* Main.storyboard in Resources */,
			);
			runOnlyForDeploymentPostprocessing = 0;
		};
		7112C2B91FDCB8EA00063716 /* Resources */ = {
			isa = PBXResourcesBuildPhase;
			buildActionMask = 2147483647;
			files = (
			);
			runOnlyForDeploymentPostprocessing = 0;
		};
		7112C2C41FDCB8EA00063716 /* Resources */ = {
			isa = PBXResourcesBuildPhase;
			buildActionMask = 2147483647;
			files = (
			);
			runOnlyForDeploymentPostprocessing = 0;
		};
/* End PBXResourcesBuildPhase section */

/* Begin PBXShellScriptBuildPhase section */
		70BD63D4E97F2169107999F7 /* [CP] Check Pods Manifest.lock */ = {
			isa = PBXShellScriptBuildPhase;
			buildActionMask = 2147483647;
			files = (
			);
			inputPaths = (
				"${PODS_PODFILE_DIR_PATH}/Podfile.lock",
				"${PODS_ROOT}/Manifest.lock",
			);
			name = "[CP] Check Pods Manifest.lock";
			outputPaths = (
				"$(DERIVED_FILE_DIR)/Pods-EuskoEvents-checkManifestLockResult.txt",
			);
			runOnlyForDeploymentPostprocessing = 0;
			shellPath = /bin/sh;
			shellScript = "diff \"${PODS_PODFILE_DIR_PATH}/Podfile.lock\" \"${PODS_ROOT}/Manifest.lock\" > /dev/null\nif [ $? != 0 ] ; then\n    # print error to STDERR\n    echo \"error: The sandbox is not in sync with the Podfile.lock. Run 'pod install' or update your CocoaPods installation.\" >&2\n    exit 1\nfi\n# This output is used by Xcode 'outputs' to avoid re-running this script phase.\necho \"SUCCESS\" > \"${SCRIPT_OUTPUT_FILE_0}\"\n";
			showEnvVarsInLog = 0;
		};
		CC3FB55596391A98953F78EC /* [CP] Embed Pods Frameworks */ = {
			isa = PBXShellScriptBuildPhase;
			buildActionMask = 2147483647;
			files = (
			);
			inputPaths = (
				"${SRCROOT}/Pods/Target Support Files/Pods-EuskoEvents/Pods-EuskoEvents-frameworks.sh",
				"${BUILT_PRODUCTS_DIR}/Alamofire/Alamofire.framework",
				"${BUILT_PRODUCTS_DIR}/SwiftyJSON/SwiftyJSON.framework",
			);
			name = "[CP] Embed Pods Frameworks";
			outputPaths = (
				"${TARGET_BUILD_DIR}/${FRAMEWORKS_FOLDER_PATH}/Alamofire.framework",
				"${TARGET_BUILD_DIR}/${FRAMEWORKS_FOLDER_PATH}/SwiftyJSON.framework",
			);
			runOnlyForDeploymentPostprocessing = 0;
			shellPath = /bin/sh;
			shellScript = "\"${SRCROOT}/Pods/Target Support Files/Pods-EuskoEvents/Pods-EuskoEvents-frameworks.sh\"\n";
			showEnvVarsInLog = 0;
		};
		F9C586FC301BC14D86BC3A4C /* [CP] Copy Pods Resources */ = {
			isa = PBXShellScriptBuildPhase;
			buildActionMask = 2147483647;
			files = (
			);
			inputPaths = (
			);
			name = "[CP] Copy Pods Resources";
			outputPaths = (
			);
			runOnlyForDeploymentPostprocessing = 0;
			shellPath = /bin/sh;
			shellScript = "\"${SRCROOT}/Pods/Target Support Files/Pods-EuskoEvents/Pods-EuskoEvents-resources.sh\"\n";
			showEnvVarsInLog = 0;
		};
/* End PBXShellScriptBuildPhase section */

/* Begin PBXSourcesBuildPhase section */
		7112C2A31FDCB8EA00063716 /* Sources */ = {
			isa = PBXSourcesBuildPhase;
			buildActionMask = 2147483647;
			files = (
				7112C2AD1FDCB8EA00063716 /* ViewController.swift in Sources */,
				7112C2D91FDCBD0500063716 /* TableViewController.swift in Sources */,
				7197E37F1FE6C35000856CFC /* ItemViewController.swift in Sources */,
				7112C2AB1FDCB8EA00063716 /* AppDelegate.swift in Sources */,
				71F36F931FDDB61B0051320B /* MapViewController.swift in Sources */,
			);
			runOnlyForDeploymentPostprocessing = 0;
		};
		7112C2B71FDCB8EA00063716 /* Sources */ = {
			isa = PBXSourcesBuildPhase;
			buildActionMask = 2147483647;
			files = (
			);
			runOnlyForDeploymentPostprocessing = 0;
		};
		7112C2C21FDCB8EA00063716 /* Sources */ = {
			isa = PBXSourcesBuildPhase;
			buildActionMask = 2147483647;
			files = (
			);
			runOnlyForDeploymentPostprocessing = 0;
		};
/* End PBXSourcesBuildPhase section */

/* Begin PBXTargetDependency section */
		7112C2BD1FDCB8EA00063716 /* PBXTargetDependency */ = {
			isa = PBXTargetDependency;
			target = 7112C2A61FDCB8EA00063716 /* EuskoEvents */;
			targetProxy = 7112C2BC1FDCB8EA00063716 /* PBXContainerItemProxy */;
		};
		7112C2C81FDCB8EA00063716 /* PBXTargetDependency */ = {
			isa = PBXTargetDependency;
			target = 7112C2A61FDCB8EA00063716 /* EuskoEvents */;
			targetProxy = 7112C2C71FDCB8EA00063716 /* PBXContainerItemProxy */;
		};
/* End PBXTargetDependency section */

/* Begin PBXVariantGroup section */
		7112C2AE1FDCB8EA00063716 /* Main.storyboard */ = {
			isa = PBXVariantGroup;
			children = (
				7112C2AF1FDCB8EA00063716 /* Base */,
			);
			name = Main.storyboard;
			sourceTree = "<group>";
		};
		7112C2B31FDCB8EA00063716 /* LaunchScreen.storyboard */ = {
			isa = PBXVariantGroup;
			children = (
				7112C2B41FDCB8EA00063716 /* Base */,
			);
			name = LaunchScreen.storyboard;
			sourceTree = "<group>";
		};
/* End PBXVariantGroup section */

/* Begin XCBuildConfiguration section */
		7112C2CD1FDCB8EA00063716 /* Debug */ = {
			isa = XCBuildConfiguration;
			buildSettings = {
				ALWAYS_SEARCH_USER_PATHS = NO;
				CLANG_ANALYZER_NONNULL = YES;
				CLANG_ANALYZER_NUMBER_OBJECT_CONVERSION = YES_AGGRESSIVE;
				CLANG_CXX_LANGUAGE_STANDARD = "gnu++14";
				CLANG_CXX_LIBRARY = "libc++";
				CLANG_ENABLE_MODULES = YES;
				CLANG_ENABLE_OBJC_ARC = YES;
				CLANG_WARN_BLOCK_CAPTURE_AUTORELEASING = YES;
				CLANG_WARN_BOOL_CONVERSION = YES;
				CLANG_WARN_COMMA = YES;
				CLANG_WARN_CONSTANT_CONVERSION = YES;
				CLANG_WARN_DIRECT_OBJC_ISA_USAGE = YES_ERROR;
				CLANG_WARN_DOCUMENTATION_COMMENTS = YES;
				CLANG_WARN_EMPTY_BODY = YES;
				CLANG_WARN_ENUM_CONVERSION = YES;
				CLANG_WARN_INFINITE_RECURSION = YES;
				CLANG_WARN_INT_CONVERSION = YES;
				CLANG_WARN_NON_LITERAL_NULL_CONVERSION = YES;
				CLANG_WARN_OBJC_LITERAL_CONVERSION = YES;
				CLANG_WARN_OBJC_ROOT_CLASS = YES_ERROR;
				CLANG_WARN_RANGE_LOOP_ANALYSIS = YES;
				CLANG_WARN_STRICT_PROTOTYPES = YES;
				CLANG_WARN_SUSPICIOUS_MOVE = YES;
				CLANG_WARN_UNGUARDED_AVAILABILITY = YES_AGGRESSIVE;
				CLANG_WARN_UNREACHABLE_CODE = YES;
				CLANG_WARN__DUPLICATE_METHOD_MATCH = YES;
				CODE_SIGN_IDENTITY = "iPhone Developer";
				COPY_PHASE_STRIP = NO;
				DEBUG_INFORMATION_FORMAT = dwarf;
				ENABLE_STRICT_OBJC_MSGSEND = YES;
				ENABLE_TESTABILITY = YES;
				GCC_C_LANGUAGE_STANDARD = gnu11;
				GCC_DYNAMIC_NO_PIC = NO;
				GCC_NO_COMMON_BLOCKS = YES;
				GCC_OPTIMIZATION_LEVEL = 0;
				GCC_PREPROCESSOR_DEFINITIONS = (
					"DEBUG=1",
					"$(inherited)",
				);
				GCC_WARN_64_TO_32_BIT_CONVERSION = YES;
				GCC_WARN_ABOUT_RETURN_TYPE = YES_ERROR;
				GCC_WARN_UNDECLARED_SELECTOR = YES;
				GCC_WARN_UNINITIALIZED_AUTOS = YES_AGGRESSIVE;
				GCC_WARN_UNUSED_FUNCTION = YES;
				GCC_WARN_UNUSED_VARIABLE = YES;
				IPHONEOS_DEPLOYMENT_TARGET = 11.1;
				MTL_ENABLE_DEBUG_INFO = YES;
				ONLY_ACTIVE_ARCH = YES;
				SDKROOT = iphoneos;
				SWIFT_ACTIVE_COMPILATION_CONDITIONS = DEBUG;
				SWIFT_OPTIMIZATION_LEVEL = "-Onone";
			};
			name = Debug;
		};
		7112C2CE1FDCB8EA00063716 /* Release */ = {
			isa = XCBuildConfiguration;
			buildSettings = {
				ALWAYS_SEARCH_USER_PATHS = NO;
				CLANG_ANALYZER_NONNULL = YES;
				CLANG_ANALYZER_NUMBER_OBJECT_CONVERSION = YES_AGGRESSIVE;
				CLANG_CXX_LANGUAGE_STANDARD = "gnu++14";
				CLANG_CXX_LIBRARY = "libc++";
				CLANG_ENABLE_MODULES = YES;
				CLANG_ENABLE_OBJC_ARC = YES;
				CLANG_WARN_BLOCK_CAPTURE_AUTORELEASING = YES;
				CLANG_WARN_BOOL_CONVERSION = YES;
				CLANG_WARN_COMMA = YES;
				CLANG_WARN_CONSTANT_CONVERSION = YES;
				CLANG_WARN_DIRECT_OBJC_ISA_USAGE = YES_ERROR;
				CLANG_WARN_DOCUMENTATION_COMMENTS = YES;
				CLANG_WARN_EMPTY_BODY = YES;
				CLANG_WARN_ENUM_CONVERSION = YES;
				CLANG_WARN_INFINITE_RECURSION = YES;
				CLANG_WARN_INT_CONVERSION = YES;
				CLANG_WARN_NON_LITERAL_NULL_CONVERSION = YES;
				CLANG_WARN_OBJC_LITERAL_CONVERSION = YES;
				CLANG_WARN_OBJC_ROOT_CLASS = YES_ERROR;
				CLANG_WARN_RANGE_LOOP_ANALYSIS = YES;
				CLANG_WARN_STRICT_PROTOTYPES = YES;
				CLANG_WARN_SUSPICIOUS_MOVE = YES;
				CLANG_WARN_UNGUARDED_AVAILABILITY = YES_AGGRESSIVE;
				CLANG_WARN_UNREACHABLE_CODE = YES;
				CLANG_WARN__DUPLICATE_METHOD_MATCH = YES;
				CODE_SIGN_IDENTITY = "iPhone Developer";
				COPY_PHASE_STRIP = NO;
				DEBUG_INFORMATION_FORMAT = "dwarf-with-dsym";
				ENABLE_NS_ASSERTIONS = NO;
				ENABLE_STRICT_OBJC_MSGSEND = YES;
				GCC_C_LANGUAGE_STANDARD = gnu11;
				GCC_NO_COMMON_BLOCKS = YES;
				GCC_WARN_64_TO_32_BIT_CONVERSION = YES;
				GCC_WARN_ABOUT_RETURN_TYPE = YES_ERROR;
				GCC_WARN_UNDECLARED_SELECTOR = YES;
				GCC_WARN_UNINITIALIZED_AUTOS = YES_AGGRESSIVE;
				GCC_WARN_UNUSED_FUNCTION = YES;
				GCC_WARN_UNUSED_VARIABLE = YES;
				IPHONEOS_DEPLOYMENT_TARGET = 11.1;
				MTL_ENABLE_DEBUG_INFO = NO;
				SDKROOT = iphoneos;
				SWIFT_OPTIMIZATION_LEVEL = "-Owholemodule";
				VALIDATE_PRODUCT = YES;
			};
			name = Release;
		};
		7112C2D01FDCB8EA00063716 /* Debug */ = {
			isa = XCBuildConfiguration;
			baseConfigurationReference = 38F43EF42025812EDDCF9091 /* Pods-EuskoEvents.debug.xcconfig */;
			buildSettings = {
				ASSETCATALOG_COMPILER_APPICON_NAME = AppIcon;
				CODE_SIGN_STYLE = Automatic;
				DEVELOPMENT_TEAM = RSEH385M54;
				INFOPLIST_FILE = EuskoEvents/Info.plist;
				LD_RUNPATH_SEARCH_PATHS = "$(inherited) @executable_path/Frameworks";
				PRODUCT_BUNDLE_IDENTIFIER = asier.EuskoEvents;
				PRODUCT_NAME = "$(TARGET_NAME)";
				SWIFT_VERSION = 4.0;
				TARGETED_DEVICE_FAMILY = 1;
			};
			name = Debug;
		};
		7112C2D11FDCB8EA00063716 /* Release */ = {
			isa = XCBuildConfiguration;
			baseConfigurationReference = 41BB130E621D6A29721AB29A /* Pods-EuskoEvents.release.xcconfig */;
			buildSettings = {
				ASSETCATALOG_COMPILER_APPICON_NAME = AppIcon;
				CODE_SIGN_STYLE = Automatic;
				DEVELOPMENT_TEAM = RSEH385M54;
				INFOPLIST_FILE = EuskoEvents/Info.plist;
				LD_RUNPATH_SEARCH_PATHS = "$(inherited) @executable_path/Frameworks";
				PRODUCT_BUNDLE_IDENTIFIER = asier.EuskoEvents;
				PRODUCT_NAME = "$(TARGET_NAME)";
				SWIFT_VERSION = 4.0;
				TARGETED_DEVICE_FAMILY = 1;
			};
			name = Release;
		};
		7112C2D31FDCB8EA00063716 /* Debug */ = {
			isa = XCBuildConfiguration;
			buildSettings = {
				ALWAYS_EMBED_SWIFT_STANDARD_LIBRARIES = YES;
				BUNDLE_LOADER = "$(TEST_HOST)";
				CODE_SIGN_STYLE = Automatic;
				INFOPLIST_FILE = EuskoEventsTests/Info.plist;
				LD_RUNPATH_SEARCH_PATHS = "$(inherited) @executable_path/Frameworks @loader_path/Frameworks";
				PRODUCT_BUNDLE_IDENTIFIER = asier.EuskoEventsTests;
				PRODUCT_NAME = "$(TARGET_NAME)";
				SWIFT_VERSION = 4.0;
				TARGETED_DEVICE_FAMILY = "1,2";
				TEST_HOST = "$(BUILT_PRODUCTS_DIR)/EuskoEvents.app/EuskoEvents";
			};
			name = Debug;
		};
		7112C2D41FDCB8EA00063716 /* Release */ = {
			isa = XCBuildConfiguration;
			buildSettings = {
				ALWAYS_EMBED_SWIFT_STANDARD_LIBRARIES = YES;
				BUNDLE_LOADER = "$(TEST_HOST)";
				CODE_SIGN_STYLE = Automatic;
				INFOPLIST_FILE = EuskoEventsTests/Info.plist;
				LD_RUNPATH_SEARCH_PATHS = "$(inherited) @executable_path/Frameworks @loader_path/Frameworks";
				PRODUCT_BUNDLE_IDENTIFIER = asier.EuskoEventsTests;
				PRODUCT_NAME = "$(TARGET_NAME)";
				SWIFT_VERSION = 4.0;
				TARGETED_DEVICE_FAMILY = "1,2";
				TEST_HOST = "$(BUILT_PRODUCTS_DIR)/EuskoEvents.app/EuskoEvents";
			};
			name = Release;
		};
		7112C2D61FDCB8EA00063716 /* Debug */ = {
			isa = XCBuildConfiguration;
			buildSettings = {
				ALWAYS_EMBED_SWIFT_STANDARD_LIBRARIES = YES;
				CODE_SIGN_STYLE = Automatic;
				INFOPLIST_FILE = EuskoEventsUITests/Info.plist;
				LD_RUNPATH_SEARCH_PATHS = "$(inherited) @executable_path/Frameworks @loader_path/Frameworks";
				PRODUCT_BUNDLE_IDENTIFIER = asier.EuskoEventsUITests;
				PRODUCT_NAME = "$(TARGET_NAME)";
				SWIFT_VERSION = 4.0;
				TARGETED_DEVICE_FAMILY = "1,2";
				TEST_TARGET_NAME = EuskoEvents;
			};
			name = Debug;
		};
		7112C2D71FDCB8EA00063716 /* Release */ = {
			isa = XCBuildConfiguration;
			buildSettings = {
				ALWAYS_EMBED_SWIFT_STANDARD_LIBRARIES = YES;
				CODE_SIGN_STYLE = Automatic;
				INFOPLIST_FILE = EuskoEventsUITests/Info.plist;
				LD_RUNPATH_SEARCH_PATHS = "$(inherited) @executable_path/Frameworks @loader_path/Frameworks";
				PRODUCT_BUNDLE_IDENTIFIER = asier.EuskoEventsUITests;
				PRODUCT_NAME = "$(TARGET_NAME)";
				SWIFT_VERSION = 4.0;
				TARGETED_DEVICE_FAMILY = "1,2";
				TEST_TARGET_NAME = EuskoEvents;
			};
			name = Release;
		};
/* End XCBuildConfiguration section */

/* Begin XCConfigurationList section */
		7112C2A21FDCB8EA00063716 /* Build configuration list for PBXProject "EuskoEvents" */ = {
			isa = XCConfigurationList;
			buildConfigurations = (
				7112C2CD1FDCB8EA00063716 /* Debug */,
				7112C2CE1FDCB8EA00063716 /* Release */,
			);
			defaultConfigurationIsVisible = 0;
			defaultConfigurationName = Release;
		};
		7112C2CF1FDCB8EA00063716 /* Build configuration list for PBXNativeTarget "EuskoEvents" */ = {
			isa = XCConfigurationList;
			buildConfigurations = (
				7112C2D01FDCB8EA00063716 /* Debug */,
				7112C2D11FDCB8EA00063716 /* Release */,
			);
			defaultConfigurationIsVisible = 0;
			defaultConfigurationName = Release;
		};
		7112C2D21FDCB8EA00063716 /* Build configuration list for PBXNativeTarget "EuskoEventsTests" */ = {
			isa = XCConfigurationList;
			buildConfigurations = (
				7112C2D31FDCB8EA00063716 /* Debug */,
				7112C2D41FDCB8EA00063716 /* Release */,
			);
			defaultConfigurationIsVisible = 0;
			defaultConfigurationName = Release;
		};
		7112C2D51FDCB8EA00063716 /* Build configuration list for PBXNativeTarget "EuskoEventsUITests" */ = {
			isa = XCConfigurationList;
			buildConfigurations = (
				7112C2D61FDCB8EA00063716 /* Debug */,
				7112C2D71FDCB8EA00063716 /* Release */,
			);
			defaultConfigurationIsVisible = 0;
			defaultConfigurationName = Release;
		};
/* End XCConfigurationList section */
	};
	rootObject = 7112C29F1FDCB8EA00063716 /* Project object */;
}
